
Microsoft Visual Studio Solution File, Format Version 12.00
# Visual Studio Version 17
VisualStudioVersion = 17.0.32112.339
MinimumVisualStudioVersion = 10.0.40219.1
Project("{FAE04EC0-301F-11D3-BF4B-00C04F79EFBC}") = "MechanismKinematicsWinFormsMVP", "MechanismKinematicsWinformsMVP\MechanismKinematicsWinFormsMVP.csproj", "{7241FA88-CDFA-46AA-8330-BD78B64BDB89}"
EndProject
Global
	GlobalSection(SolutionConfigurationPlatforms) = preSolution
		Debug|Any CPU = Debug|Any CPU
		Release|Any CPU = Release|Any CPU
	EndGlobalSection
	GlobalSection(ProjectConfigurationPlatforms) = postSolution
		{7241FA88-CDFA-46AA-8330-BD78B64BDB89}.Debug|Any CPU.ActiveCfg = Debug|Any CPU
		{7241FA88-CDFA-46AA-8330-BD78B64BDB89}.Debug|Any CPU.Build.0 = Debug|Any CPU
		{7241FA88-CDFA-46AA-8330-BD78B64BDB89}.Release|Any CPU.ActiveCfg = Release|Any CPU
		{7241FA88-CDFA-46AA-8330-BD78B64BDB89}.Release|Any CPU.Build.0 = Release|Any CPU
	EndGlobalSection
	GlobalSection(SolutionProperties) = preSolution
		HideSolutionNode = FALSE
	EndGlobalSection
	GlobalSection(ExtensibilityGlobals) = postSolution
		SolutionGuid = {AAF63A26-3A9C-4371-AB6C-182FD5C78DC7}
	EndGlobalSection
EndGlobal
